# This file is automatically @generated by Cargo.
# It is not intended for manual editing.
version = 4

[[package]]
name = "cog-backend-api"
version = "0.1.0"
dependencies = [
 "cog-core",
]

[[package]]
name = "cog-backend-mock"
version = "0.1.0"
dependencies = [
 "cog-backend-api",
 "cog-core",
]

[[package]]
name = "cog-cli"
version = "0.1.0"
dependencies = [
 "cog-client",
]

[[package]]
name = "cog-client"
version = "0.1.0"
dependencies = [
 "cog-core",
 "cog-protocol",
 "cog-shm",
]

[[package]]
name = "cog-core"
version = "0.1.0"

[[package]]
name = "cog-protocol"
version = "0.1.0"
dependencies = [
 "cog-core",
 "cog-shm",
]

[[package]]
name = "cog-shm"
version = "0.1.0"
dependencies = [
 "cog-core",
]

[[package]]
name = "ecos-daemon"
version = "0.1.0"
dependencies = [
 "cog-backend-api",
 "cog-backend-mock",
 "cog-client",
 "cog-core",
 "cog-protocol",
 "cog-shm",
]
